github.com/adhocore/gronx v1.8.1 h1:F2mLTG5sB11z7vplwD4iydz3YCEjstSfYmCrdSm3t6A=
github.com/adhocore/gronx v1.8.1/go.mod h1:7oUY1WAU8rEJWmAxXR2DN0JaO4gi9khSgKjiRypqteg=
github.com/gitploy-io/cronexpr v0.2.2 h1:Au+wK6FqmOLAF7AkW6q4gnrNXTe3rEW97XFZ4chy0xs=
github.com/gitploy-io/cronexpr v0.2.2/go.mod h1:Uep5sbzUSocMZvJ1s0lNI9zi37s5iUI1llkw3vRGK9M=
github.com/gorhill/cronexpr v0.0.0-20180427100037-88b0669f7d75 h1:f0n1xnMSmBLzVfsMMvriDyA75NB/oBgILX2GcHXIQzY=
github.com/gorhill/cronexpr v0.0.0-20180427100037-88b0669f7d75/go.mod h1:g2644b03hfBX9Ov0ZBDgXXens4rxSxmqFBbhvKv2yVA=
github.com/hashicorp/cronexpr v1.1.2 h1:wG/ZYIKT+RT3QkOdgYc+xsKWVRgnxJ1OJtjjy84fJ9A=
github.com/hashicorp/cronexpr v1.1.2/go.mod h1:P4wA0KBl9C5q2hABiMO7cp6jcIg96CDh1Efb3g1PWA4=
github.com/reugn/go-quartz v0.11.2 h1:+jc54Ji06n/D/endEPmc+CuG/Jc8466nda1oxtFRrks=
github.com/reugn/go-quartz v0.11.2/go.mod h1:no4ktgYbAAuY0E1SchR8cTx1LF4jYIzdgaQhzRPSkpk=
github.com/robfig/cron/v3 v3.0.0 h1:kQ6Cb7aHOHTSzNVNEhmp8EcWKLb4CbiMW9h9VyIhO4E=
github.com/robfig/cron/v3 v3.0.0/go.mod h1:eQICP3HwyT7UooqI/z+Ov+PtYAWygg1TEWWzGIFLtro=
